
Microsoft Visual Studio Solution File, Format Version 12.00
# Visual Studio 2013
VisualStudioVersion = 12.0.31101.0
MinimumVisualStudioVersion = 10.0.40219.1
Project("{FAE04EC0-301F-11D3-BF4B-00C04F79EFBC}") = "PrilozhenieIspravl.Objects", "Objects/PrilozhenieIspravl.Objects.csproj", "{D963D83C-6F92-4E2A-9BEB-DA1D71EBA785}"
EndProject
Project("{FAE04EC0-301F-11D3-BF4B-00C04F79EFBC}") = "PrilozhenieIspravl.ODataBackend", "ODataBackend/PrilozhenieIspravl.ODataBackend.csproj", "{F0F555A9-86C4-4E38-9EF3-0258958906C1}"
EndProject
Global
	GlobalSection(SolutionConfigurationPlatforms) = preSolution
Debug|Any CPU = Debug|Any CPU
Release|Any CPU = Release|Any CPU
	EndGlobalSection
	GlobalSection(ProjectConfigurationPlatforms) = postSolution
		{D963D83C-6F92-4E2A-9BEB-DA1D71EBA785}.Debug|Any CPU.ActiveCfg = Debug|Any CPU
		{D963D83C-6F92-4E2A-9BEB-DA1D71EBA785}.Debug|Any CPU.Build.0 = Debug|Any CPU
		{D963D83C-6F92-4E2A-9BEB-DA1D71EBA785}.Release|Any CPU.ActiveCfg = Release|Any CPU
		{D963D83C-6F92-4E2A-9BEB-DA1D71EBA785}.Release|Any CPU.Build.0 = Release|Any CPU
		{F0F555A9-86C4-4E38-9EF3-0258958906C1}.Debug|Any CPU.ActiveCfg = Debug|Any CPU
		{F0F555A9-86C4-4E38-9EF3-0258958906C1}.Debug|Any CPU.Build.0 = Debug|Any CPU
		{F0F555A9-86C4-4E38-9EF3-0258958906C1}.Release|Any CPU.ActiveCfg = Release|Any CPU
		{F0F555A9-86C4-4E38-9EF3-0258958906C1}.Release|Any CPU.Build.0 = Release|Any CPU
	EndGlobalSection
	GlobalSection(SolutionProperties) = preSolution
		HideSolutionNode = FALSE
	EndGlobalSection
EndGlobal
